
Microsoft Visual Studio Solution File, Format Version 12.00
# Visual Studio Version 17
VisualStudioVersion = 17.0.31903.59
MinimumVisualStudioVersion = 10.0.40219.1
Project("{FAE04EC0-301F-11D3-BF4B-00C04F79EFBC}") = "AgriSync.Bootstrapper", "AgriSync.Bootstrapper\AgriSync.Bootstrapper.csproj", "{C22554A8-1F3F-41E4-8FE9-DAE80557E831}"
EndProject
Project("{FAE04EC0-301F-11D3-BF4B-00C04F79EFBC}") = "AgriSync.BuildingBlocks", "AgriSync.BuildingBlocks\AgriSync.BuildingBlocks.csproj", "{7CCEAA32-B90D-4814-B588-65FF93B2C1B3}"
EndProject
Project("{FAE04EC0-301F-11D3-BF4B-00C04F79EFBC}") = "AgriSync.SharedKernel", "AgriSync.SharedKernel\AgriSync.SharedKernel.csproj", "{F1D3A877-6E95-46B9-9643-52188C9099F8}"
EndProject
Project("{2150E333-8FDC-42A3-9474-1A3956D46DE8}") = "Apps", "Apps", "{1787FE1D-075E-9E68-7218-25F1BD1BBEAB}"
EndProject
Project("{2150E333-8FDC-42A3-9474-1A3956D46DE8}") = "User", "User", "{33D88E24-BC23-CC92-8C4D-43D130CFA673}"
EndProject
Project("{FAE04EC0-301F-11D3-BF4B-00C04F79EFBC}") = "User.Domain", "apps\User\User.Domain\User.Domain.csproj", "{6D225963-8343-4165-9E69-CFB7D3143F04}"
EndProject
Project("{FAE04EC0-301F-11D3-BF4B-00C04F79EFBC}") = "User.Application", "apps\User\User.Application\User.Application.csproj", "{E304E45C-561C-4FA3-A082-BE3C04118899}"
EndProject
Project("{FAE04EC0-301F-11D3-BF4B-00C04F79EFBC}") = "User.Infrastructure", "apps\User\User.Infrastructure\User.Infrastructure.csproj", "{AFE33CCD-5AF7-4210-B8A7-B473CC2A251C}"
EndProject
Project("{FAE04EC0-301F-11D3-BF4B-00C04F79EFBC}") = "User.Api", "apps\User\User.Api\User.Api.csproj", "{B607E08F-5A2C-4F76-B86B-5D5BD3DE197B}"
EndProject
Project("{FAE04EC0-301F-11D3-BF4B-00C04F79EFBC}") = "ShramSafal.Domain", "apps\ShramSafal\ShramSafal.Domain\ShramSafal.Domain.csproj", "{E3E2379F-2AFF-4B69-BC9A-CA0808A7BA0B}"
EndProject
Project("{FAE04EC0-301F-11D3-BF4B-00C04F79EFBC}") = "ShramSafal.Application", "apps\ShramSafal\ShramSafal.Application\ShramSafal.Application.csproj", "{4A68DBA6-DB4D-4DE9-A328-4B0AAA71565F}"
EndProject
Project("{FAE04EC0-301F-11D3-BF4B-00C04F79EFBC}") = "ShramSafal.Infrastructure", "apps\ShramSafal\ShramSafal.Infrastructure\ShramSafal.Infrastructure.csproj", "{B8B33C23-1291-47FB-980E-C4035D76EF63}"
EndProject
Project("{FAE04EC0-301F-11D3-BF4B-00C04F79EFBC}") = "ShramSafal.Api", "apps\ShramSafal\ShramSafal.Api\ShramSafal.Api.csproj", "{4FBDB98F-BB9F-499F-843C-3DF8FAF628A0}"
EndProject
Project("{2150E333-8FDC-42A3-9474-1A3956D46DE8}") = "tests", "tests", "{0AB3BF05-4346-4AA6-1389-037BE0695223}"
EndProject
Project("{FAE04EC0-301F-11D3-BF4B-00C04F79EFBC}") = "ShramSafal.Sync.IntegrationTests", "tests\ShramSafal.Sync.IntegrationTests\ShramSafal.Sync.IntegrationTests.csproj", "{9B41DCD1-5EBB-4344-A5FC-877608A0FDA9}"
EndProject
Project("{FAE04EC0-301F-11D3-BF4B-00C04F79EFBC}") = "AgriSync.ArchitectureTests", "tests\AgriSync.ArchitectureTests\AgriSync.ArchitectureTests.csproj", "{026706C4-049F-460B-BD4B-4775B3275A94}"
EndProject
Project("{FAE04EC0-301F-11D3-BF4B-00C04F79EFBC}") = "ShramSafal.Domain.Tests", "tests\ShramSafal.Domain.Tests\ShramSafal.Domain.Tests.csproj", "{FC5CF1E3-E5DB-4CC4-85F7-3864A75381AF}"
EndProject
Project("{2150E333-8FDC-42A3-9474-1A3956D46DE8}") = "ShramSafal", "ShramSafal", "{D4552B69-D0BD-845B-0503-0C06BEFB243B}"
EndProject
Project("{2150E333-8FDC-42A3-9474-1A3956D46DE8}") = "Accounts", "Accounts", "{F0FD8A65-9B76-E7D8-F7F3-02974C32CE7E}"
EndProject
Project("{FAE04EC0-301F-11D3-BF4B-00C04F79EFBC}") = "Accounts.Domain", "apps\Accounts\Accounts.Domain\Accounts.Domain.csproj", "{D06A1CC9-8627-4CBE-AC54-7D9C0DD585F0}"
EndProject
Project("{FAE04EC0-301F-11D3-BF4B-00C04F79EFBC}") = "Accounts.Application", "apps\Accounts\Accounts.Application\Accounts.Application.csproj", "{3292D88D-7F02-434B-89EB-6EAC00BFE83F}"
EndProject
Project("{FAE04EC0-301F-11D3-BF4B-00C04F79EFBC}") = "Accounts.Infrastructure", "apps\Accounts\Accounts.Infrastructure\Accounts.Infrastructure.csproj", "{9C6C99C9-ED95-4CFA-BD7B-7DAFD807A06A}"
EndProject
Project("{FAE04EC0-301F-11D3-BF4B-00C04F79EFBC}") = "Accounts.Api", "apps\Accounts\Accounts.Api\Accounts.Api.csproj", "{BECB497F-A954-41A6-8F71-F8A85F989D8C}"
EndProject
Project("{FAE04EC0-301F-11D3-BF4B-00C04F79EFBC}") = "Accounts.Domain.Tests", "tests\Accounts.Domain.Tests\Accounts.Domain.Tests.csproj", "{BFB4E4C3-96DA-422E-B4F7-6B2EF8A4B802}"
EndProject
Project("{FAE04EC0-301F-11D3-BF4B-00C04F79EFBC}") = "AgriSync.BuildingBlocks.Tests", "tests\AgriSync.BuildingBlocks.Tests\AgriSync.BuildingBlocks.Tests.csproj", "{510D74A6-4C50-4651-8E00-9587C5F14AEF}"
EndProject
Global
	GlobalSection(SolutionConfigurationPlatforms) = preSolution
		Debug|Any CPU = Debug|Any CPU
		Debug|x64 = Debug|x64
		Debug|x86 = Debug|x86
		Release|Any CPU = Release|Any CPU
		Release|x64 = Release|x64
		Release|x86 = Release|x86
	EndGlobalSection
	GlobalSection(ProjectConfigurationPlatforms) = postSolution
		{C22554A8-1F3F-41E4-8FE9-DAE80557E831}.Debug|Any CPU.ActiveCfg = Debug|Any CPU
		{C22554A8-1F3F-41E4-8FE9-DAE80557E831}.Debug|Any CPU.Build.0 = Debug|Any CPU
		{C22554A8-1F3F-41E4-8FE9-DAE80557E831}.Debug|x64.ActiveCfg = Debug|Any CPU
		{C22554A8-1F3F-41E4-8FE9-DAE80557E831}.Debug|x64.Build.0 = Debug|Any CPU
		{C22554A8-1F3F-41E4-8FE9-DAE80557E831}.Debug|x86.ActiveCfg = Debug|Any CPU
		{C22554A8-1F3F-41E4-8FE9-DAE80557E831}.Debug|x86.Build.0 = Debug|Any CPU
		{C22554A8-1F3F-41E4-8FE9-DAE80557E831}.Release|Any CPU.ActiveCfg = Release|Any CPU
		{C22554A8-1F3F-41E4-8FE9-DAE80557E831}.Release|Any CPU.Build.0 = Release|Any CPU
		{C22554A8-1F3F-41E4-8FE9-DAE80557E831}.Release|x64.ActiveCfg = Release|Any CPU
		{C22554A8-1F3F-41E4-8FE9-DAE80557E831}.Release|x64.Build.0 = Release|Any CPU
		{C22554A8-1F3F-41E4-8FE9-DAE80557E831}.Release|x86.ActiveCfg = Release|Any CPU
		{C22554A8-1F3F-41E4-8FE9-DAE80557E831}.Release|x86.Build.0 = Release|Any CPU
		{7CCEAA32-B90D-4814-B588-65FF93B2C1B3}.Debug|Any CPU.ActiveCfg = Debug|Any CPU
		{7CCEAA32-B90D-4814-B588-65FF93B2C1B3}.Debug|Any CPU.Build.0 = Debug|Any CPU
		{7CCEAA32-B90D-4814-B588-65FF93B2C1B3}.Debug|x64.ActiveCfg = Debug|Any CPU
		{7CCEAA32-B90D-4814-B588-65FF93B2C1B3}.Debug|x64.Build.0 = Debug|Any CPU
		{7CCEAA32-B90D-4814-B588-65FF93B2C1B3}.Debug|x86.ActiveCfg = Debug|Any CPU
		{7CCEAA32-B90D-4814-B588-65FF93B2C1B3}.Debug|x86.Build.0 = Debug|Any CPU
		{7CCEAA32-B90D-4814-B588-65FF93B2C1B3}.Release|Any CPU.ActiveCfg = Release|Any CPU
		{7CCEAA32-B90D-4814-B588-65FF93B2C1B3}.Release|Any CPU.Build.0 = Release|Any CPU
		{7CCEAA32-B90D-4814-B588-65FF93B2C1B3}.Release|x64.ActiveCfg = Release|Any CPU
		{7CCEAA32-B90D-4814-B588-65FF93B2C1B3}.Release|x64.Build.0 = Release|Any CPU
		{7CCEAA32-B90D-4814-B588-65FF93B2C1B3}.Release|x86.ActiveCfg = Release|Any CPU
		{7CCEAA32-B90D-4814-B588-65FF93B2C1B3}.Release|x86.Build.0 = Release|Any CPU
		{F1D3A877-6E95-46B9-9643-52188C9099F8}.Debug|Any CPU.ActiveCfg = Debug|Any CPU
		{F1D3A877-6E95-46B9-9643-52188C9099F8}.Debug|Any CPU.Build.0 = Debug|Any CPU
		{F1D3A877-6E95-46B9-9643-52188C9099F8}.Debug|x64.ActiveCfg = Debug|Any CPU
		{F1D3A877-6E95-46B9-9643-52188C9099F8}.Debug|x64.Build.0 = Debug|Any CPU
		{F1D3A877-6E95-46B9-9643-52188C9099F8}.Debug|x86.ActiveCfg = Debug|Any CPU
		{F1D3A877-6E95-46B9-9643-52188C9099F8}.Debug|x86.Build.0 = Debug|Any CPU
		{F1D3A877-6E95-46B9-9643-52188C9099F8}.Release|Any CPU.ActiveCfg = Release|Any CPU
		{F1D3A877-6E95-46B9-9643-52188C9099F8}.Release|Any CPU.Build.0 = Release|Any CPU
		{F1D3A877-6E95-46B9-9643-52188C9099F8}.Release|x64.ActiveCfg = Release|Any CPU
		{F1D3A877-6E95-46B9-9643-52188C9099F8}.Release|x64.Build.0 = Release|Any CPU
		{F1D3A877-6E95-46B9-9643-52188C9099F8}.Release|x86.ActiveCfg = Release|Any CPU
		{F1D3A877-6E95-46B9-9643-52188C9099F8}.Release|x86.Build.0 = Release|Any CPU
		{6D225963-8343-4165-9E69-CFB7D3143F04}.Debug|Any CPU.ActiveCfg = Debug|Any CPU
		{6D225963-8343-4165-9E69-CFB7D3143F04}.Debug|Any CPU.Build.0 = Debug|Any CPU
		{6D225963-8343-4165-9E69-CFB7D3143F04}.Debug|x64.ActiveCfg = Debug|Any CPU
		{6D225963-8343-4165-9E69-CFB7D3143F04}.Debug|x64.Build.0 = Debug|Any CPU
		{6D225963-8343-4165-9E69-CFB7D3143F04}.Debug|x86.ActiveCfg = Debug|Any CPU
		{6D225963-8343-4165-9E69-CFB7D3143F04}.Debug|x86.Build.0 = Debug|Any CPU
		{6D225963-8343-4165-9E69-CFB7D3143F04}.Release|Any CPU.ActiveCfg = Release|Any CPU
		{6D225963-8343-4165-9E69-CFB7D3143F04}.Release|Any CPU.Build.0 = Release|Any CPU
		{6D225963-8343-4165-9E69-CFB7D3143F04}.Release|x64.ActiveCfg = Release|Any CPU
		{6D225963-8343-4165-9E69-CFB7D3143F04}.Release|x64.Build.0 = Release|Any CPU
		{6D225963-8343-4165-9E69-CFB7D3143F04}.Release|x86.ActiveCfg = Release|Any CPU
		{6D225963-8343-4165-9E69-CFB7D3143F04}.Release|x86.Build.0 = Release|Any CPU
		{E304E45C-561C-4FA3-A082-BE3C04118899}.Debug|Any CPU.ActiveCfg = Debug|Any CPU
		{E304E45C-561C-4FA3-A082-BE3C04118899}.Debug|Any CPU.Build.0 = Debug|Any CPU
		{E304E45C-561C-4FA3-A082-BE3C04118899}.Debug|x64.ActiveCfg = Debug|Any CPU
		{E304E45C-561C-4FA3-A082-BE3C04118899}.Debug|x64.Build.0 = Debug|Any CPU
		{E304E45C-561C-4FA3-A082-BE3C04118899}.Debug|x86.ActiveCfg = Debug|Any CPU
		{E304E45C-561C-4FA3-A082-BE3C04118899}.Debug|x86.Build.0 = Debug|Any CPU
		{E304E45C-561C-4FA3-A082-BE3C04118899}.Release|Any CPU.ActiveCfg = Release|Any CPU
		{E304E45C-561C-4FA3-A082-BE3C04118899}.Release|Any CPU.Build.0 = Release|Any CPU
		{E304E45C-561C-4FA3-A082-BE3C04118899}.Release|x64.ActiveCfg = Release|Any CPU
		{E304E45C-561C-4FA3-A082-BE3C04118899}.Release|x64.Build.0 = Release|Any CPU
		{E304E45C-561C-4FA3-A082-BE3C04118899}.Release|x86.ActiveCfg = Release|Any CPU
		{E304E45C-561C-4FA3-A082-BE3C04118899}.Release|x86.Build.0 = Release|Any CPU
		{AFE33CCD-5AF7-4210-B8A7-B473CC2A251C}.Debug|Any CPU.ActiveCfg = Debug|Any CPU
		{AFE33CCD-5AF7-4210-B8A7-B473CC2A251C}.Debug|Any CPU.Build.0 = Debug|Any CPU
		{AFE33CCD-5AF7-4210-B8A7-B473CC2A251C}.Debug|x64.ActiveCfg = Debug|Any CPU
		{AFE33CCD-5AF7-4210-B8A7-B473CC2A251C}.Debug|x64.Build.0 = Debug|Any CPU
		{AFE33CCD-5AF7-4210-B8A7-B473CC2A251C}.Debug|x86.ActiveCfg = Debug|Any CPU
		{AFE33CCD-5AF7-4210-B8A7-B473CC2A251C}.Debug|x86.Build.0 = Debug|Any CPU
		{AFE33CCD-5AF7-4210-B8A7-B473CC2A251C}.Release|Any CPU.ActiveCfg = Release|Any CPU
		{AFE33CCD-5AF7-4210-B8A7-B473CC2A251C}.Release|Any CPU.Build.0 = Release|Any CPU
		{AFE33CCD-5AF7-4210-B8A7-B473CC2A251C}.Release|x64.ActiveCfg = Release|Any CPU
		{AFE33CCD-5AF7-4210-B8A7-B473CC2A251C}.Release|x64.Build.0 = Release|Any CPU
		{AFE33CCD-5AF7-4210-B8A7-B473CC2A251C}.Release|x86.ActiveCfg = Release|Any CPU
		{AFE33CCD-5AF7-4210-B8A7-B473CC2A251C}.Release|x86.Build.0 = Release|Any CPU
		{B607E08F-5A2C-4F76-B86B-5D5BD3DE197B}.Debug|Any CPU.ActiveCfg = Debug|Any CPU
		{B607E08F-5A2C-4F76-B86B-5D5BD3DE197B}.Debug|Any CPU.Build.0 = Debug|Any CPU
		{B607E08F-5A2C-4F76-B86B-5D5BD3DE197B}.Debug|x64.ActiveCfg = Debug|Any CPU
		{B607E08F-5A2C-4F76-B86B-5D5BD3DE197B}.Debug|x64.Build.0 = Debug|Any CPU
		{B607E08F-5A2C-4F76-B86B-5D5BD3DE197B}.Debug|x86.ActiveCfg = Debug|Any CPU
		{B607E08F-5A2C-4F76-B86B-5D5BD3DE197B}.Debug|x86.Build.0 = Debug|Any CPU
		{B607E08F-5A2C-4F76-B86B-5D5BD3DE197B}.Release|Any CPU.ActiveCfg = Release|Any CPU
		{B607E08F-5A2C-4F76-B86B-5D5BD3DE197B}.Release|Any CPU.Build.0 = Release|Any CPU
		{B607E08F-5A2C-4F76-B86B-5D5BD3DE197B}.Release|x64.ActiveCfg = Release|Any CPU
		{B607E08F-5A2C-4F76-B86B-5D5BD3DE197B}.Release|x64.Build.0 = Release|Any CPU
		{B607E08F-5A2C-4F76-B86B-5D5BD3DE197B}.Release|x86.ActiveCfg = Release|Any CPU
		{B607E08F-5A2C-4F76-B86B-5D5BD3DE197B}.Release|x86.Build.0 = Release|Any CPU
		{E3E2379F-2AFF-4B69-BC9A-CA0808A7BA0B}.Debug|Any CPU.ActiveCfg = Debug|Any CPU
		{E3E2379F-2AFF-4B69-BC9A-CA0808A7BA0B}.Debug|Any CPU.Build.0 = Debug|Any CPU
		{E3E2379F-2AFF-4B69-BC9A-CA0808A7BA0B}.Debug|x64.ActiveCfg = Debug|Any CPU
		{E3E2379F-2AFF-4B69-BC9A-CA0808A7BA0B}.Debug|x64.Build.0 = Debug|Any CPU
		{E3E2379F-2AFF-4B69-BC9A-CA0808A7BA0B}.Debug|x86.ActiveCfg = Debug|Any CPU
		{E3E2379F-2AFF-4B69-BC9A-CA0808A7BA0B}.Debug|x86.Build.0 = Debug|Any CPU
		{E3E2379F-2AFF-4B69-BC9A-CA0808A7BA0B}.Release|Any CPU.ActiveCfg = Release|Any CPU
		{E3E2379F-2AFF-4B69-BC9A-CA0808A7BA0B}.Release|Any CPU.Build.0 = Release|Any CPU
		{E3E2379F-2AFF-4B69-BC9A-CA0808A7BA0B}.Release|x64.ActiveCfg = Release|Any CPU
		{E3E2379F-2AFF-4B69-BC9A-CA0808A7BA0B}.Release|x64.Build.0 = Release|Any CPU
		{E3E2379F-2AFF-4B69-BC9A-CA0808A7BA0B}.Release|x86.ActiveCfg = Release|Any CPU
		{E3E2379F-2AFF-4B69-BC9A-CA0808A7BA0B}.Release|x86.Build.0 = Release|Any CPU
		{4A68DBA6-DB4D-4DE9-A328-4B0AAA71565F}.Debug|Any CPU.ActiveCfg = Debug|Any CPU
		{4A68DBA6-DB4D-4DE9-A328-4B0AAA71565F}.Debug|Any CPU.Build.0 = Debug|Any CPU
		{4A68DBA6-DB4D-4DE9-A328-4B0AAA71565F}.Debug|x64.ActiveCfg = Debug|Any CPU
		{4A68DBA6-DB4D-4DE9-A328-4B0AAA71565F}.Debug|x64.Build.0 = Debug|Any CPU
		{4A68DBA6-DB4D-4DE9-A328-4B0AAA71565F}.Debug|x86.ActiveCfg = Debug|Any CPU
		{4A68DBA6-DB4D-4DE9-A328-4B0AAA71565F}.Debug|x86.Build.0 = Debug|Any CPU
		{4A68DBA6-DB4D-4DE9-A328-4B0AAA71565F}.Release|Any CPU.ActiveCfg = Release|Any CPU
		{4A68DBA6-DB4D-4DE9-A328-4B0AAA71565F}.Release|Any CPU.Build.0 = Release|Any CPU
		{4A68DBA6-DB4D-4DE9-A328-4B0AAA71565F}.Release|x64.ActiveCfg = Release|Any CPU
		{4A68DBA6-DB4D-4DE9-A328-4B0AAA71565F}.Release|x64.Build.0 = Release|Any CPU
		{4A68DBA6-DB4D-4DE9-A328-4B0AAA71565F}.Release|x86.ActiveCfg = Release|Any CPU
		{4A68DBA6-DB4D-4DE9-A328-4B0AAA71565F}.Release|x86.Build.0 = Release|Any CPU
		{B8B33C23-1291-47FB-980E-C4035D76EF63}.Debug|Any CPU.ActiveCfg = Debug|Any CPU
		{B8B33C23-1291-47FB-980E-C4035D76EF63}.Debug|Any CPU.Build.0 = Debug|Any CPU
		{B8B33C23-1291-47FB-980E-C4035D76EF63}.Debug|x64.ActiveCfg = Debug|Any CPU
		{B8B33C23-1291-47FB-980E-C4035D76EF63}.Debug|x64.Build.0 = Debug|Any CPU
		{B8B33C23-1291-47FB-980E-C4035D76EF63}.Debug|x86.ActiveCfg = Debug|Any CPU
		{B8B33C23-1291-47FB-980E-C4035D76EF63}.Debug|x86.Build.0 = Debug|Any CPU
		{B8B33C23-1291-47FB-980E-C4035D76EF63}.Release|Any CPU.ActiveCfg = Release|Any CPU
		{B8B33C23-1291-47FB-980E-C4035D76EF63}.Release|Any CPU.Build.0 = Release|Any CPU
		{B8B33C23-1291-47FB-980E-C4035D76EF63}.Release|x64.ActiveCfg = Release|Any CPU
		{B8B33C23-1291-47FB-980E-C4035D76EF63}.Release|x64.Build.0 = Release|Any CPU
		{B8B33C23-1291-47FB-980E-C4035D76EF63}.Release|x86.ActiveCfg = Release|Any CPU
		{B8B33C23-1291-47FB-980E-C4035D76EF63}.Release|x86.Build.0 = Release|Any CPU
		{4FBDB98F-BB9F-499F-843C-3DF8FAF628A0}.Debug|Any CPU.ActiveCfg = Debug|Any CPU
		{4FBDB98F-BB9F-499F-843C-3DF8FAF628A0}.Debug|Any CPU.Build.0 = Debug|Any CPU
		{4FBDB98F-BB9F-499F-843C-3DF8FAF628A0}.Debug|x64.ActiveCfg = Debug|Any CPU
		{4FBDB98F-BB9F-499F-843C-3DF8FAF628A0}.Debug|x64.Build.0 = Debug|Any CPU
		{4FBDB98F-BB9F-499F-843C-3DF8FAF628A0}.Debug|x86.ActiveCfg = Debug|Any CPU
		{4FBDB98F-BB9F-499F-843C-3DF8FAF628A0}.Debug|x86.Build.0 = Debug|Any CPU
		{4FBDB98F-BB9F-499F-843C-3DF8FAF628A0}.Release|Any CPU.ActiveCfg = Release|Any CPU
		{4FBDB98F-BB9F-499F-843C-3DF8FAF628A0}.Release|Any CPU.Build.0 = Release|Any CPU
		{4FBDB98F-BB9F-499F-843C-3DF8FAF628A0}.Release|x64.ActiveCfg = Release|Any CPU
		{4FBDB98F-BB9F-499F-843C-3DF8FAF628A0}.Release|x64.Build.0 = Release|Any CPU
		{4FBDB98F-BB9F-499F-843C-3DF8FAF628A0}.Release|x86.ActiveCfg = Release|Any CPU
		{4FBDB98F-BB9F-499F-843C-3DF8FAF628A0}.Release|x86.Build.0 = Release|Any CPU
		{9B41DCD1-5EBB-4344-A5FC-877608A0FDA9}.Debug|Any CPU.ActiveCfg = Debug|Any CPU
		{9B41DCD1-5EBB-4344-A5FC-877608A0FDA9}.Debug|Any CPU.Build.0 = Debug|Any CPU
		{9B41DCD1-5EBB-4344-A5FC-877608A0FDA9}.Debug|x64.ActiveCfg = Debug|Any CPU
		{9B41DCD1-5EBB-4344-A5FC-877608A0FDA9}.Debug|x64.Build.0 = Debug|Any CPU
		{9B41DCD1-5EBB-4344-A5FC-877608A0FDA9}.Debug|x86.ActiveCfg = Debug|Any CPU
		{9B41DCD1-5EBB-4344-A5FC-877608A0FDA9}.Debug|x86.Build.0 = Debug|Any CPU
		{9B41DCD1-5EBB-4344-A5FC-877608A0FDA9}.Release|Any CPU.ActiveCfg = Release|Any CPU
		{9B41DCD1-5EBB-4344-A5FC-877608A0FDA9}.Release|Any CPU.Build.0 = Release|Any CPU
		{9B41DCD1-5EBB-4344-A5FC-877608A0FDA9}.Release|x64.ActiveCfg = Release|Any CPU
		{9B41DCD1-5EBB-4344-A5FC-877608A0FDA9}.Release|x64.Build.0 = Release|Any CPU
		{9B41DCD1-5EBB-4344-A5FC-877608A0FDA9}.Release|x86.ActiveCfg = Release|Any CPU
		{9B41DCD1-5EBB-4344-A5FC-877608A0FDA9}.Release|x86.Build.0 = Release|Any CPU
		{026706C4-049F-460B-BD4B-4775B3275A94}.Debug|Any CPU.ActiveCfg = Debug|Any CPU
		{026706C4-049F-460B-BD4B-4775B3275A94}.Debug|Any CPU.Build.0 = Debug|Any CPU
		{026706C4-049F-460B-BD4B-4775B3275A94}.Debug|x64.ActiveCfg = Debug|Any CPU
		{026706C4-049F-460B-BD4B-4775B3275A94}.Debug|x64.Build.0 = Debug|Any CPU
		{026706C4-049F-460B-BD4B-4775B3275A94}.Debug|x86.ActiveCfg = Debug|Any CPU
		{026706C4-049F-460B-BD4B-4775B3275A94}.Debug|x86.Build.0 = Debug|Any CPU
		{026706C4-049F-460B-BD4B-4775B3275A94}.Release|Any CPU.ActiveCfg = Release|Any CPU
		{026706C4-049F-460B-BD4B-4775B3275A94}.Release|Any CPU.Build.0 = Release|Any CPU
		{026706C4-049F-460B-BD4B-4775B3275A94}.Release|x64.ActiveCfg = Release|Any CPU
		{026706C4-049F-460B-BD4B-4775B3275A94}.Release|x64.Build.0 = Release|Any CPU
		{026706C4-049F-460B-BD4B-4775B3275A94}.Release|x86.ActiveCfg = Release|Any CPU
		{026706C4-049F-460B-BD4B-4775B3275A94}.Release|x86.Build.0 = Release|Any CPU
		{FC5CF1E3-E5DB-4CC4-85F7-3864A75381AF}.Debug|Any CPU.ActiveCfg = Debug|Any CPU
		{FC5CF1E3-E5DB-4CC4-85F7-3864A75381AF}.Debug|Any CPU.Build.0 = Debug|Any CPU
		{FC5CF1E3-E5DB-4CC4-85F7-3864A75381AF}.Debug|x64.ActiveCfg = Debug|Any CPU
		{FC5CF1E3-E5DB-4CC4-85F7-3864A75381AF}.Debug|x64.Build.0 = Debug|Any CPU
		{FC5CF1E3-E5DB-4CC4-85F7-3864A75381AF}.Debug|x86.ActiveCfg = Debug|Any CPU
		{FC5CF1E3-E5DB-4CC4-85F7-3864A75381AF}.Debug|x86.Build.0 = Debug|Any CPU
		{FC5CF1E3-E5DB-4CC4-85F7-3864A75381AF}.Release|Any CPU.ActiveCfg = Release|Any CPU
		{FC5CF1E3-E5DB-4CC4-85F7-3864A75381AF}.Release|Any CPU.Build.0 = Release|Any CPU
		{FC5CF1E3-E5DB-4CC4-85F7-3864A75381AF}.Release|x64.ActiveCfg = Release|Any CPU
		{FC5CF1E3-E5DB-4CC4-85F7-3864A75381AF}.Release|x64.Build.0 = Release|Any CPU
		{FC5CF1E3-E5DB-4CC4-85F7-3864A75381AF}.Release|x86.ActiveCfg = Release|Any CPU
		{FC5CF1E3-E5DB-4CC4-85F7-3864A75381AF}.Release|x86.Build.0 = Release|Any CPU
		{D06A1CC9-8627-4CBE-AC54-7D9C0DD585F0}.Debug|Any CPU.ActiveCfg = Debug|Any CPU
		{D06A1CC9-8627-4CBE-AC54-7D9C0DD585F0}.Debug|Any CPU.Build.0 = Debug|Any CPU
		{D06A1CC9-8627-4CBE-AC54-7D9C0DD585F0}.Debug|x64.ActiveCfg = Debug|Any CPU
		{D06A1CC9-8627-4CBE-AC54-7D9C0DD585F0}.Debug|x64.Build.0 = Debug|Any CPU
		{D06A1CC9-8627-4CBE-AC54-7D9C0DD585F0}.Debug|x86.ActiveCfg = Debug|Any CPU
		{D06A1CC9-8627-4CBE-AC54-7D9C0DD585F0}.Debug|x86.Build.0 = Debug|Any CPU
		{D06A1CC9-8627-4CBE-AC54-7D9C0DD585F0}.Release|Any CPU.ActiveCfg = Release|Any CPU
		{D06A1CC9-8627-4CBE-AC54-7D9C0DD585F0}.Release|Any CPU.Build.0 = Release|Any CPU
		{D06A1CC9-8627-4CBE-AC54-7D9C0DD585F0}.Release|x64.ActiveCfg = Release|Any CPU
		{D06A1CC9-8627-4CBE-AC54-7D9C0DD585F0}.Release|x64.Build.0 = Release|Any CPU
		{D06A1CC9-8627-4CBE-AC54-7D9C0DD585F0}.Release|x86.ActiveCfg = Release|Any CPU
		{D06A1CC9-8627-4CBE-AC54-7D9C0DD585F0}.Release|x86.Build.0 = Release|Any CPU
		{3292D88D-7F02-434B-89EB-6EAC00BFE83F}.Debug|Any CPU.ActiveCfg = Debug|Any CPU
		{3292D88D-7F02-434B-89EB-6EAC00BFE83F}.Debug|Any CPU.Build.0 = Debug|Any CPU
		{3292D88D-7F02-434B-89EB-6EAC00BFE83F}.Debug|x64.ActiveCfg = Debug|Any CPU
		{3292D88D-7F02-434B-89EB-6EAC00BFE83F}.Debug|x64.Build.0 = Debug|Any CPU
		{3292D88D-7F02-434B-89EB-6EAC00BFE83F}.Debug|x86.ActiveCfg = Debug|Any CPU
		{3292D88D-7F02-434B-89EB-6EAC00BFE83F}.Debug|x86.Build.0 = Debug|Any CPU
		{3292D88D-7F02-434B-89EB-6EAC00BFE83F}.Release|Any CPU.ActiveCfg = Release|Any CPU
		{3292D88D-7F02-434B-89EB-6EAC00BFE83F}.Release|Any CPU.Build.0 = Release|Any CPU
		{3292D88D-7F02-434B-89EB-6EAC00BFE83F}.Release|x64.ActiveCfg = Release|Any CPU
		{3292D88D-7F02-434B-89EB-6EAC00BFE83F}.Release|x64.Build.0 = Release|Any CPU
		{3292D88D-7F02-434B-89EB-6EAC00BFE83F}.Release|x86.ActiveCfg = Release|Any CPU
		{3292D88D-7F02-434B-89EB-6EAC00BFE83F}.Release|x86.Build.0 = Release|Any CPU
		{9C6C99C9-ED95-4CFA-BD7B-7DAFD807A06A}.Debug|Any CPU.ActiveCfg = Debug|Any CPU
		{9C6C99C9-ED95-4CFA-BD7B-7DAFD807A06A}.Debug|Any CPU.Build.0 = Debug|Any CPU
		{9C6C99C9-ED95-4CFA-BD7B-7DAFD807A06A}.Debug|x64.ActiveCfg = Debug|Any CPU
		{9C6C99C9-ED95-4CFA-BD7B-7DAFD807A06A}.Debug|x64.Build.0 = Debug|Any CPU
		{9C6C99C9-ED95-4CFA-BD7B-7DAFD807A06A}.Debug|x86.ActiveCfg = Debug|Any CPU
		{9C6C99C9-ED95-4CFA-BD7B-7DAFD807A06A}.Debug|x86.Build.0 = Debug|Any CPU
		{9C6C99C9-ED95-4CFA-BD7B-7DAFD807A06A}.Release|Any CPU.ActiveCfg = Release|Any CPU
		{9C6C99C9-ED95-4CFA-BD7B-7DAFD807A06A}.Release|Any CPU.Build.0 = Release|Any CPU
		{9C6C99C9-ED95-4CFA-BD7B-7DAFD807A06A}.Release|x64.ActiveCfg = Release|Any CPU
		{9C6C99C9-ED95-4CFA-BD7B-7DAFD807A06A}.Release|x64.Build.0 = Release|Any CPU
		{9C6C99C9-ED95-4CFA-BD7B-7DAFD807A06A}.Release|x86.ActiveCfg = Release|Any CPU
		{9C6C99C9-ED95-4CFA-BD7B-7DAFD807A06A}.Release|x86.Build.0 = Release|Any CPU
		{BECB497F-A954-41A6-8F71-F8A85F989D8C}.Debug|Any CPU.ActiveCfg = Debug|Any CPU
		{BECB497F-A954-41A6-8F71-F8A85F989D8C}.Debug|Any CPU.Build.0 = Debug|Any CPU
		{BECB497F-A954-41A6-8F71-F8A85F989D8C}.Debug|x64.ActiveCfg = Debug|Any CPU
		{BECB497F-A954-41A6-8F71-F8A85F989D8C}.Debug|x64.Build.0 = Debug|Any CPU
		{BECB497F-A954-41A6-8F71-F8A85F989D8C}.Debug|x86.ActiveCfg = Debug|Any CPU
		{BECB497F-A954-41A6-8F71-F8A85F989D8C}.Debug|x86.Build.0 = Debug|Any CPU
		{BECB497F-A954-41A6-8F71-F8A85F989D8C}.Release|Any CPU.ActiveCfg = Release|Any CPU
		{BECB497F-A954-41A6-8F71-F8A85F989D8C}.Release|Any CPU.Build.0 = Release|Any CPU
		{BECB497F-A954-41A6-8F71-F8A85F989D8C}.Release|x64.ActiveCfg = Release|Any CPU
		{BECB497F-A954-41A6-8F71-F8A85F989D8C}.Release|x64.Build.0 = Release|Any CPU
		{BECB497F-A954-41A6-8F71-F8A85F989D8C}.Release|x86.ActiveCfg = Release|Any CPU
		{BECB497F-A954-41A6-8F71-F8A85F989D8C}.Release|x86.Build.0 = Release|Any CPU
		{BFB4E4C3-96DA-422E-B4F7-6B2EF8A4B802}.Debug|Any CPU.ActiveCfg = Debug|Any CPU
		{BFB4E4C3-96DA-422E-B4F7-6B2EF8A4B802}.Debug|Any CPU.Build.0 = Debug|Any CPU
		{BFB4E4C3-96DA-422E-B4F7-6B2EF8A4B802}.Debug|x64.ActiveCfg = Debug|Any CPU
		{BFB4E4C3-96DA-422E-B4F7-6B2EF8A4B802}.Debug|x64.Build.0 = Debug|Any CPU
		{BFB4E4C3-96DA-422E-B4F7-6B2EF8A4B802}.Debug|x86.ActiveCfg = Debug|Any CPU
		{BFB4E4C3-96DA-422E-B4F7-6B2EF8A4B802}.Debug|x86.Build.0 = Debug|Any CPU
		{BFB4E4C3-96DA-422E-B4F7-6B2EF8A4B802}.Release|Any CPU.ActiveCfg = Release|Any CPU
		{BFB4E4C3-96DA-422E-B4F7-6B2EF8A4B802}.Release|Any CPU.Build.0 = Release|Any CPU
		{BFB4E4C3-96DA-422E-B4F7-6B2EF8A4B802}.Release|x64.ActiveCfg = Release|Any CPU
		{BFB4E4C3-96DA-422E-B4F7-6B2EF8A4B802}.Release|x64.Build.0 = Release|Any CPU
		{BFB4E4C3-96DA-422E-B4F7-6B2EF8A4B802}.Release|x86.ActiveCfg = Release|Any CPU
		{BFB4E4C3-96DA-422E-B4F7-6B2EF8A4B802}.Release|x86.Build.0 = Release|Any CPU
		{510D74A6-4C50-4651-8E00-9587C5F14AEF}.Debug|Any CPU.ActiveCfg = Debug|Any CPU
		{510D74A6-4C50-4651-8E00-9587C5F14AEF}.Debug|Any CPU.Build.0 = Debug|Any CPU
		{510D74A6-4C50-4651-8E00-9587C5F14AEF}.Debug|x64.ActiveCfg = Debug|Any CPU
		{510D74A6-4C50-4651-8E00-9587C5F14AEF}.Debug|x64.Build.0 = Debug|Any CPU
		{510D74A6-4C50-4651-8E00-9587C5F14AEF}.Debug|x86.ActiveCfg = Debug|Any CPU
		{510D74A6-4C50-4651-8E00-9587C5F14AEF}.Debug|x86.Build.0 = Debug|Any CPU
		{510D74A6-4C50-4651-8E00-9587C5F14AEF}.Release|Any CPU.ActiveCfg = Release|Any CPU
		{510D74A6-4C50-4651-8E00-9587C5F14AEF}.Release|Any CPU.Build.0 = Release|Any CPU
		{510D74A6-4C50-4651-8E00-9587C5F14AEF}.Release|x64.ActiveCfg = Release|Any CPU
		{510D74A6-4C50-4651-8E00-9587C5F14AEF}.Release|x64.Build.0 = Release|Any CPU
		{510D74A6-4C50-4651-8E00-9587C5F14AEF}.Release|x86.ActiveCfg = Release|Any CPU
		{510D74A6-4C50-4651-8E00-9587C5F14AEF}.Release|x86.Build.0 = Release|Any CPU
	EndGlobalSection
	GlobalSection(SolutionProperties) = preSolution
		HideSolutionNode = FALSE
	EndGlobalSection
	GlobalSection(NestedProjects) = preSolution
		{33D88E24-BC23-CC92-8C4D-43D130CFA673} = {1787FE1D-075E-9E68-7218-25F1BD1BBEAB}
		{6D225963-8343-4165-9E69-CFB7D3143F04} = {33D88E24-BC23-CC92-8C4D-43D130CFA673}
		{E304E45C-561C-4FA3-A082-BE3C04118899} = {33D88E24-BC23-CC92-8C4D-43D130CFA673}
		{AFE33CCD-5AF7-4210-B8A7-B473CC2A251C} = {33D88E24-BC23-CC92-8C4D-43D130CFA673}
		{B607E08F-5A2C-4F76-B86B-5D5BD3DE197B} = {33D88E24-BC23-CC92-8C4D-43D130CFA673}
		{E3E2379F-2AFF-4B69-BC9A-CA0808A7BA0B} = {33D88E24-BC23-CC92-8C4D-43D130CFA673}
		{4A68DBA6-DB4D-4DE9-A328-4B0AAA71565F} = {33D88E24-BC23-CC92-8C4D-43D130CFA673}
		{B8B33C23-1291-47FB-980E-C4035D76EF63} = {33D88E24-BC23-CC92-8C4D-43D130CFA673}
		{4FBDB98F-BB9F-499F-843C-3DF8FAF628A0} = {33D88E24-BC23-CC92-8C4D-43D130CFA673}
		{9B41DCD1-5EBB-4344-A5FC-877608A0FDA9} = {0AB3BF05-4346-4AA6-1389-037BE0695223}
		{026706C4-049F-460B-BD4B-4775B3275A94} = {0AB3BF05-4346-4AA6-1389-037BE0695223}
		{FC5CF1E3-E5DB-4CC4-85F7-3864A75381AF} = {0AB3BF05-4346-4AA6-1389-037BE0695223}
		{D4552B69-D0BD-845B-0503-0C06BEFB243B} = {1787FE1D-075E-9E68-7218-25F1BD1BBEAB}
		{F0FD8A65-9B76-E7D8-F7F3-02974C32CE7E} = {1787FE1D-075E-9E68-7218-25F1BD1BBEAB}
		{D06A1CC9-8627-4CBE-AC54-7D9C0DD585F0} = {F0FD8A65-9B76-E7D8-F7F3-02974C32CE7E}
		{3292D88D-7F02-434B-89EB-6EAC00BFE83F} = {F0FD8A65-9B76-E7D8-F7F3-02974C32CE7E}
		{9C6C99C9-ED95-4CFA-BD7B-7DAFD807A06A} = {F0FD8A65-9B76-E7D8-F7F3-02974C32CE7E}
		{BECB497F-A954-41A6-8F71-F8A85F989D8C} = {F0FD8A65-9B76-E7D8-F7F3-02974C32CE7E}
		{BFB4E4C3-96DA-422E-B4F7-6B2EF8A4B802} = {0AB3BF05-4346-4AA6-1389-037BE0695223}
		{510D74A6-4C50-4651-8E00-9587C5F14AEF} = {0AB3BF05-4346-4AA6-1389-037BE0695223}
	EndGlobalSection
EndGlobal
